
Microsoft Visual Studio Solution File, Format Version 12.00
# Visual Studio Version 17
VisualStudioVersion = 17.8.34316.72
MinimumVisualStudioVersion = 10.0.40219.1
Project("{9A19103F-16F7-4668-BE54-9A1E7A4F7556}") = "Contains Duplicate", "Contains Duplicate\Contains Duplicate.csproj", "{4375336E-E678-4BC3-961F-D7E405523634}"
EndProject
Project("{FAE04EC0-301F-11D3-BF4B-00C04F79EFBC}") = "Valid Anagram", "Valid Anagram\Valid Anagram.csproj", "{82774998-5112-40F6-97A8-6580B19AA607}"
EndProject
Project("{FAE04EC0-301F-11D3-BF4B-00C04F79EFBC}") = "Two Sum", "Two Sum\Two Sum.csproj", "{6AACC3E8-9B1E-42E7-8D18-987E158F46EF}"
EndProject
Global
	GlobalSection(SolutionConfigurationPlatforms) = preSolution
		Debug|Any CPU = Debug|Any CPU
		Release|Any CPU = Release|Any CPU
	EndGlobalSection
	GlobalSection(ProjectConfigurationPlatforms) = postSolution
		{4375336E-E678-4BC3-961F-D7E405523634}.Debug|Any CPU.ActiveCfg = Debug|Any CPU
		{4375336E-E678-4BC3-961F-D7E405523634}.Debug|Any CPU.Build.0 = Debug|Any CPU
		{4375336E-E678-4BC3-961F-D7E405523634}.Release|Any CPU.ActiveCfg = Release|Any CPU
		{4375336E-E678-4BC3-961F-D7E405523634}.Release|Any CPU.Build.0 = Release|Any CPU
		{82774998-5112-40F6-97A8-6580B19AA607}.Debug|Any CPU.ActiveCfg = Debug|Any CPU
		{82774998-5112-40F6-97A8-6580B19AA607}.Debug|Any CPU.Build.0 = Debug|Any CPU
		{82774998-5112-40F6-97A8-6580B19AA607}.Release|Any CPU.ActiveCfg = Release|Any CPU
		{82774998-5112-40F6-97A8-6580B19AA607}.Release|Any CPU.Build.0 = Release|Any CPU
		{6AACC3E8-9B1E-42E7-8D18-987E158F46EF}.Debug|Any CPU.ActiveCfg = Debug|Any CPU
		{6AACC3E8-9B1E-42E7-8D18-987E158F46EF}.Debug|Any CPU.Build.0 = Debug|Any CPU
		{6AACC3E8-9B1E-42E7-8D18-987E158F46EF}.Release|Any CPU.ActiveCfg = Release|Any CPU
		{6AACC3E8-9B1E-42E7-8D18-987E158F46EF}.Release|Any CPU.Build.0 = Release|Any CPU
	EndGlobalSection
	GlobalSection(SolutionProperties) = preSolution
		HideSolutionNode = FALSE
	EndGlobalSection
	GlobalSection(ExtensibilityGlobals) = postSolution
		SolutionGuid = {83228EED-AD44-4F18-B615-E027ABFB9169}
	EndGlobalSection
EndGlobal
